// !$*UTF8*$!
{
	archiveVersion = 1;
	classes = {
	};
	objectVersion = 56;
	objects = {

/* Begin PBXBuildFile section */
		162DDA802A9FD25600B56B1D /* Project1App.swift in Sources */ = {isa = PBXBuildFile; fileRef = 162DDA7F2A9FD25600B56B1D /* Project1App.swift */; };
		162DDA822A9FD25600B56B1D /* ContentView.swift in Sources */ = {isa = PBXBuildFile; fileRef = 162DDA812A9FD25600B56B1D /* ContentView.swift */; };
		162DDA842A9FD25700B56B1D /* Assets.xcassets in Resources */ = {isa = PBXBuildFile; fileRef = 162DDA832A9FD25700B56B1D /* Assets.xcassets */; };
		162DDA872A9FD25700B56B1D /* Preview Assets.xcassets in Resources */ = {isa = PBXBuildFile; fileRef = 162DDA862A9FD25700B56B1D /* Preview Assets.xcassets */; };
		162DDA912A9FD25800B56B1D /* Project1Tests.swift in Sources */ = {isa = PBXBuildFile; fileRef = 162DDA902A9FD25800B56B1D /* Project1Tests.swift */; };
		162DDA9B2A9FD25800B56B1D /* Project1UITests.swift in Sources */ = {isa = PBXBuildFile; fileRef = 162DDA9A2A9FD25800B56B1D /* Project1UITests.swift */; };
		162DDA9D2A9FD25800B56B1D /* Project1UITestsLaunchTests.swift in Sources */ = {isa = PBXBuildFile; fileRef = 162DDA9C2A9FD25800B56B1D /* Project1UITestsLaunchTests.swift */; };
		162DDAAB2AA08E2100B56B1D /* ChatService.swift in Sources */ = {isa = PBXBuildFile; fileRef = 162DDAAA2AA08E2100B56B1D /* ChatService.swift */; };
		162DDAAE2AA08FF100B56B1D /* ChatGPTSwift in Frameworks */ = {isa = PBXBuildFile; productRef = 162DDAAD2AA08FF100B56B1D /* ChatGPTSwift */; };
/* End PBXBuildFile section */

/* Begin PBXContainerItemProxy section */
		162DDA8D2A9FD25800B56B1D /* PBXContainerItemProxy */ = {
			isa = PBXContainerItemProxy;
			containerPortal = 162DDA742A9FD25600B56B1D /* Project object */;
			proxyType = 1;
			remoteGlobalIDString = 162DDA7B2A9FD25600B56B1D;
			remoteInfo = Project1;
		};
		162DDA972A9FD25800B56B1D /* PBXContainerItemProxy */ = {
			isa = PBXContainerItemProxy;
			containerPortal = 162DDA742A9FD25600B56B1D /* Project object */;
			proxyType = 1;
			remoteGlobalIDString = 162DDA7B2A9FD25600B56B1D;
			remoteInfo = Project1;
		};
/* End PBXContainerItemProxy section */

/* Begin PBXFileReference section */
		162DDA7C2A9FD25600B56B1D /* Project1.app */ = {isa = PBXFileReference; explicitFileType = wrapper.application; includeInIndex = 0; path = Project1.app; sourceTree = BUILT_PRODUCTS_DIR; };
		162DDA7F2A9FD25600B56B1D /* Project1App.swift */ = {isa = PBXFileReference; lastKnownFileType = sourcecode.swift; path = Project1App.swift; sourceTree = "<group>"; };
		162DDA812A9FD25600B56B1D /* ContentView.swift */ = {isa = PBXFileReference; lastKnownFileType = sourcecode.swift; path = ContentView.swift; sourceTree = "<group>"; };
		162DDA832A9FD25700B56B1D /* Assets.xcassets */ = {isa = PBXFileReference; lastKnownFileType = folder.assetcatalog; path = Assets.xcassets; sourceTree = "<group>"; };
		162DDA862A9FD25700B56B1D /* Preview Assets.xcassets */ = {isa = PBXFileReference; lastKnownFileType = folder.assetcatalog; path = "Preview Assets.xcassets"; sourceTree = "<group>"; };
		162DDA8C2A9FD25800B56B1D /* Project1Tests.xctest */ = {isa = PBXFileReference; explicitFileType = wrapper.cfbundle; includeInIndex = 0; path = Project1Tests.xctest; sourceTree = BUILT_PRODUCTS_DIR; };
		162DDA902A9FD25800B56B1D /* Project1Tests.swift */ = {isa = PBXFileReference; lastKnownFileType = sourcecode.swift; path = Project1Tests.swift; sourceTree = "<group>"; };
		162DDA962A9FD25800B56B1D /* Project1UITests.xctest */ = {isa = PBXFileReference; explicitFileType = wrapper.cfbundle; includeInIndex = 0; path = Project1UITests.xctest; sourceTree = BUILT_PRODUCTS_DIR; };
		162DDA9A2A9FD25800B56B1D /* Project1UITests.swift */ = {isa = PBXFileReference; lastKnownFileType = sourcecode.swift; path = Project1UITests.swift; sourceTree = "<group>"; };
		162DDA9C2A9FD25800B56B1D /* Project1UITestsLaunchTests.swift */ = {isa = PBXFileReference; lastKnownFileType = sourcecode.swift; path = Project1UITestsLaunchTests.swift; sourceTree = "<group>"; };
		162DDAAA2AA08E2100B56B1D /* ChatService.swift */ = {isa = PBXFileReference; lastKnownFileType = sourcecode.swift; path = ChatService.swift; sourceTree = "<group>"; };
/* End PBXFileReference section */

/* Begin PBXFrameworksBuildPhase section */
		162DDA792A9FD25600B56B1D /* Frameworks */ = {
			isa = PBXFrameworksBuildPhase;
			buildActionMask = 2147483647;
			files = (
				162DDAAE2AA08FF100B56B1D /* ChatGPTSwift in Frameworks */,
			);
			runOnlyForDeploymentPostprocessing = 0;
		};
		162DDA892A9FD25800B56B1D /* Frameworks */ = {
			isa = PBXFrameworksBuildPhase;
			buildActionMask = 2147483647;
			files = (
			);
			runOnlyForDeploymentPostprocessing = 0;
		};
		162DDA932A9FD25800B56B1D /* Frameworks */ = {
			isa = PBXFrameworksBuildPhase;
			buildActionMask = 2147483647;
			files = (
			);
			runOnlyForDeploymentPostprocessing = 0;
		};
/* End PBXFrameworksBuildPhase section */

/* Begin PBXGroup section */
		162DDA732A9FD25600B56B1D = {
			isa = PBXGroup;
			children = (
				162DDA7E2A9FD25600B56B1D /* Project1 */,
				162DDA8F2A9FD25800B56B1D /* Project1Tests */,
				162DDA992A9FD25800B56B1D /* Project1UITests */,
				162DDA7D2A9FD25600B56B1D /* Products */,
			);
			sourceTree = "<group>";
		};
		162DDA7D2A9FD25600B56B1D /* Products */ = {
			isa = PBXGroup;
			children = (
				162DDA7C2A9FD25600B56B1D /* Project1.app */,
				162DDA8C2A9FD25800B56B1D /* Project1Tests.xctest */,
				162DDA962A9FD25800B56B1D /* Project1UITests.xctest */,
			);
			name = Products;
			sourceTree = "<group>";
		};
		162DDA7E2A9FD25600B56B1D /* Project1 */ = {
			isa = PBXGroup;
			children = (
				162DDAA92AA08E1200B56B1D /* Services */,
				162DDA7F2A9FD25600B56B1D /* Project1App.swift */,
				162DDA812A9FD25600B56B1D /* ContentView.swift */,
				162DDA832A9FD25700B56B1D /* Assets.xcassets */,
				162DDA852A9FD25700B56B1D /* Preview Content */,
			);
			path = Project1;
			sourceTree = "<group>";
		};
		162DDA852A9FD25700B56B1D /* Preview Content */ = {
			isa = PBXGroup;
			children = (
				162DDA862A9FD25700B56B1D /* Preview Assets.xcassets */,
			);
			path = "Preview Content";
			sourceTree = "<group>";
		};
		162DDA8F2A9FD25800B56B1D /* Project1Tests */ = {
			isa = PBXGroup;
			children = (
				162DDA902A9FD25800B56B1D /* Project1Tests.swift */,
			);
			path = Project1Tests;
			sourceTree = "<group>";
		};
		162DDA992A9FD25800B56B1D /* Project1UITests */ = {
			isa = PBXGroup;
			children = (
				162DDA9A2A9FD25800B56B1D /* Project1UITests.swift */,
				162DDA9C2A9FD25800B56B1D /* Project1UITestsLaunchTests.swift */,
			);
			path = Project1UITests;
			sourceTree = "<group>";
		};
		162DDAA92AA08E1200B56B1D /* Services */ = {
			isa = PBXGroup;
			children = (
				162DDAAA2AA08E2100B56B1D /* ChatService.swift */,
			);
			path = Services;
			sourceTree = "<group>";
		};
/* End PBXGroup section */

/* Begin PBXNativeTarget section */
		162DDA7B2A9FD25600B56B1D /* Project1 */ = {
			isa = PBXNativeTarget;
			buildConfigurationList = 162DDAA02A9FD25800B56B1D /* Build configuration list for PBXNativeTarget "Project1" */;
			buildPhases = (
				162DDA782A9FD25600B56B1D /* Sources */,
				162DDA792A9FD25600B56B1D /* Frameworks */,
				162DDA7A2A9FD25600B56B1D /* Resources */,
			);
			buildRules = (
			);
			dependencies = (
			);
			name = Project1;
			packageProductDependencies = (
				162DDAAD2AA08FF100B56B1D /* ChatGPTSwift */,
			);
			productName = Project1;
			productReference = 162DDA7C2A9FD25600B56B1D /* Project1.app */;
			productType = "com.apple.product-type.application";
		};
		162DDA8B2A9FD25800B56B1D /* Project1Tests */ = {
			isa = PBXNativeTarget;
			buildConfigurationList = 162DDAA32A9FD25800B56B1D /* Build configuration list for PBXNativeTarget "Project1Tests" */;
			buildPhases = (
				162DDA882A9FD25800B56B1D /* Sources */,
				162DDA892A9FD25800B56B1D /* Frameworks */,
				162DDA8A2A9FD25800B56B1D /* Resources */,
			);
			buildRules = (
			);
			dependencies = (
				162DDA8E2A9FD25800B56B1D /* PBXTargetDependency */,
			);
			name = Project1Tests;
			productName = Project1Tests;
			productReference = 162DDA8C2A9FD25800B56B1D /* Project1Tests.xctest */;
			productType = "com.apple.product-type.bundle.unit-test";
		};
		162DDA952A9FD25800B56B1D /* Project1UITests */ = {
			isa = PBXNativeTarget;
			buildConfigurationList = 162DDAA62A9FD25800B56B1D /* Build configuration list for PBXNativeTarget "Project1UITests" */;
			buildPhases = (
				162DDA922A9FD25800B56B1D /* Sources */,
				162DDA932A9FD25800B56B1D /* Frameworks */,
				162DDA942A9FD25800B56B1D /* Resources */,
			);
			buildRules = (
			);
			dependencies = (
				162DDA982A9FD25800B56B1D /* PBXTargetDependency */,
			);
			name = Project1UITests;
			productName = Project1UITests;
			productReference = 162DDA962A9FD25800B56B1D /* Project1UITests.xctest */;
			productType = "com.apple.product-type.bundle.ui-testing";
		};
/* End PBXNativeTarget section */

/* Begin PBXProject section */
		162DDA742A9FD25600B56B1D /* Project object */ = {
			isa = PBXProject;
			attributes = {
				BuildIndependentTargetsInParallel = 1;
				LastSwiftUpdateCheck = 1430;
				LastUpgradeCheck = 1430;
				TargetAttributes = {
					162DDA7B2A9FD25600B56B1D = {
						CreatedOnToolsVersion = 14.3.1;
					};
					162DDA8B2A9FD25800B56B1D = {
						CreatedOnToolsVersion = 14.3.1;
						TestTargetID = 162DDA7B2A9FD25600B56B1D;
					};
					162DDA952A9FD25800B56B1D = {
						CreatedOnToolsVersion = 14.3.1;
						TestTargetID = 162DDA7B2A9FD25600B56B1D;
					};
				};
			};
			buildConfigurationList = 162DDA772A9FD25600B56B1D /* Build configuration list for PBXProject "Project1" */;
			compatibilityVersion = "Xcode 14.0";
			developmentRegion = en;
			hasScannedForEncodings = 0;
			knownRegions = (
				en,
				Base,
			);
			mainGroup = 162DDA732A9FD25600B56B1D;
			packageReferences = (
				162DDAAC2AA08FF100B56B1D /* XCRemoteSwiftPackageReference "ChatGPTSwift" */,
			);
			productRefGroup = 162DDA7D2A9FD25600B56B1D /* Products */;
			projectDirPath = "";
			projectRoot = "";
			targets = (
				162DDA7B2A9FD25600B56B1D /* Project1 */,
				162DDA8B2A9FD25800B56B1D /* Project1Tests */,
				162DDA952A9FD25800B56B1D /* Project1UITests */,
			);
		};
/* End PBXProject section */

/* Begin PBXResourcesBuildPhase section */
		162DDA7A2A9FD25600B56B1D /* Resources */ = {
			isa = PBXResourcesBuildPhase;
			buildActionMask = 2147483647;
			files = (
				162DDA872A9FD25700B56B1D /* Preview Assets.xcassets in Resources */,
				162DDA842A9FD25700B56B1D /* Assets.xcassets in Resources */,
			);
			runOnlyForDeploymentPostprocessing = 0;
		};
		162DDA8A2A9FD25800B56B1D /* Resources */ = {
			isa = PBXResourcesBuildPhase;
			buildActionMask = 2147483647;
			files = (
			);
			runOnlyForDeploymentPostprocessing = 0;
		};
		162DDA942A9FD25800B56B1D /* Resources */ = {
			isa = PBXResourcesBuildPhase;
			buildActionMask = 2147483647;
			files = (
			);
			runOnlyForDeploymentPostprocessing = 0;
		};
/* End PBXResourcesBuildPhase section */

/* Begin PBXSourcesBuildPhase section */
		162DDA782A9FD25600B56B1D /* Sources */ = {
			isa = PBXSourcesBuildPhase;
			buildActionMask = 2147483647;
			files = (
				162DDA822A9FD25600B56B1D /* ContentView.swift in Sources */,
				162DDA802A9FD25600B56B1D /* Project1App.swift in Sources */,
				162DDAAB2AA08E2100B56B1D /* ChatService.swift in Sources */,
			);
			runOnlyForDeploymentPostprocessing = 0;
		};
		162DDA882A9FD25800B56B1D /* Sources */ = {
			isa = PBXSourcesBuildPhase;
			buildActionMask = 2147483647;
			files = (
				162DDA912A9FD25800B56B1D /* Project1Tests.swift in Sources */,
			);
			runOnlyForDeploymentPostprocessing = 0;
		};
		162DDA922A9FD25800B56B1D /* Sources */ = {
			isa = PBXSourcesBuildPhase;
			buildActionMask = 2147483647;
			files = (
				162DDA9D2A9FD25800B56B1D /* Project1UITestsLaunchTests.swift in Sources */,
				162DDA9B2A9FD25800B56B1D /* Project1UITests.swift in Sources */,
			);
			runOnlyForDeploymentPostprocessing = 0;
		};
/* End PBXSourcesBuildPhase section */

/* Begin PBXTargetDependency section */
		162DDA8E2A9FD25800B56B1D /* PBXTargetDependency */ = {
			isa = PBXTargetDependency;
			target = 162DDA7B2A9FD25600B56B1D /* Project1 */;
			targetProxy = 162DDA8D2A9FD25800B56B1D /* PBXContainerItemProxy */;
		};
		162DDA982A9FD25800B56B1D /* PBXTargetDependency */ = {
			isa = PBXTargetDependency;
			target = 162DDA7B2A9FD25600B56B1D /* Project1 */;
			targetProxy = 162DDA972A9FD25800B56B1D /* PBXContainerItemProxy */;
		};
/* End PBXTargetDependency section */

/* Begin XCBuildConfiguration section */
		162DDA9E2A9FD25800B56B1D /* Debug */ = {
			isa = XCBuildConfiguration;
			buildSettings = {
				ALWAYS_SEARCH_USER_PATHS = NO;
				CLANG_ANALYZER_NONNULL = YES;
				CLANG_ANALYZER_NUMBER_OBJECT_CONVERSION = YES_AGGRESSIVE;
				CLANG_CXX_LANGUAGE_STANDARD = "gnu++20";
				CLANG_ENABLE_MODULES = YES;
				CLANG_ENABLE_OBJC_ARC = YES;
				CLANG_ENABLE_OBJC_WEAK = YES;
				CLANG_WARN_BLOCK_CAPTURE_AUTORELEASING = YES;
				CLANG_WARN_BOOL_CONVERSION = YES;
				CLANG_WARN_COMMA = YES;
				CLANG_WARN_CONSTANT_CONVERSION = YES;
				CLANG_WARN_DEPRECATED_OBJC_IMPLEMENTATIONS = YES;
				CLANG_WARN_DIRECT_OBJC_ISA_USAGE = YES_ERROR;
				CLANG_WARN_DOCUMENTATION_COMMENTS = YES;
				CLANG_WARN_EMPTY_BODY = YES;
				CLANG_WARN_ENUM_CONVERSION = YES;
				CLANG_WARN_INFINITE_RECURSION = YES;
				CLANG_WARN_INT_CONVERSION = YES;
				CLANG_WARN_NON_LITERAL_NULL_CONVERSION = YES;
				CLANG_WARN_OBJC_IMPLICIT_RETAIN_SELF = YES;
				CLANG_WARN_OBJC_LITERAL_CONVERSION = YES;
				CLANG_WARN_OBJC_ROOT_CLASS = YES_ERROR;
				CLANG_WARN_QUOTED_INCLUDE_IN_FRAMEWORK_HEADER = YES;
				CLANG_WARN_RANGE_LOOP_ANALYSIS = YES;
				CLANG_WARN_STRICT_PROTOTYPES = YES;
				CLANG_WARN_SUSPICIOUS_MOVE = YES;
				CLANG_WARN_UNGUARDED_AVAILABILITY = YES_AGGRESSIVE;
				CLANG_WARN_UNREACHABLE_CODE = YES;
				CLANG_WARN__DUPLICATE_METHOD_MATCH = YES;
				COPY_PHASE_STRIP = NO;
				DEBUG_INFORMATION_FORMAT = dwarf;
				ENABLE_STRICT_OBJC_MSGSEND = YES;
				ENABLE_TESTABILITY = YES;
				GCC_C_LANGUAGE_STANDARD = gnu11;
				GCC_DYNAMIC_NO_PIC = NO;
				GCC_NO_COMMON_BLOCKS = YES;
				GCC_OPTIMIZATION_LEVEL = 0;
				GCC_PREPROCESSOR_DEFINITIONS = (
					"DEBUG=1",
					"$(inherited)",
				);
				GCC_WARN_64_TO_32_BIT_CONVERSION = YES;
				GCC_WARN_ABOUT_RETURN_TYPE = YES_ERROR;
				GCC_WARN_UNDECLARED_SELECTOR = YES;
				GCC_WARN_UNINITIALIZED_AUTOS = YES_AGGRESSIVE;
				GCC_WARN_UNUSED_FUNCTION = YES;
				GCC_WARN_UNUSED_VARIABLE = YES;
				IPHONEOS_DEPLOYMENT_TARGET = 16.4;
				MTL_ENABLE_DEBUG_INFO = INCLUDE_SOURCE;
				MTL_FAST_MATH = YES;
				ONLY_ACTIVE_ARCH = YES;
				SDKROOT = iphoneos;
				SWIFT_ACTIVE_COMPILATION_CONDITIONS = DEBUG;
				SWIFT_OPTIMIZATION_LEVEL = "-Onone";
			};
			name = Debug;
		};
		162DDA9F2A9FD25800B56B1D /* Release */ = {
			isa = XCBuildConfiguration;
			buildSettings = {
				ALWAYS_SEARCH_USER_PATHS = NO;
				CLANG_ANALYZER_NONNULL = YES;
				CLANG_ANALYZER_NUMBER_OBJECT_CONVERSION = YES_AGGRESSIVE;
				CLANG_CXX_LANGUAGE_STANDARD = "gnu++20";
				CLANG_ENABLE_MODULES = YES;
				CLANG_ENABLE_OBJC_ARC = YES;
				CLANG_ENABLE_OBJC_WEAK = YES;
				CLANG_WARN_BLOCK_CAPTURE_AUTORELEASING = YES;
				CLANG_WARN_BOOL_CONVERSION = YES;
				CLANG_WARN_COMMA = YES;
				CLANG_WARN_CONSTANT_CONVERSION = YES;
				CLANG_WARN_DEPRECATED_OBJC_IMPLEMENTATIONS = YES;
				CLANG_WARN_DIRECT_OBJC_ISA_USAGE = YES_ERROR;
				CLANG_WARN_DOCUMENTATION_COMMENTS = YES;
				CLANG_WARN_EMPTY_BODY = YES;
				CLANG_WARN_ENUM_CONVERSION = YES;
				CLANG_WARN_INFINITE_RECURSION = YES;
				CLANG_WARN_INT_CONVERSION = YES;
				CLANG_WARN_NON_LITERAL_NULL_CONVERSION = YES;
				CLANG_WARN_OBJC_IMPLICIT_RETAIN_SELF = YES;
				CLANG_WARN_OBJC_LITERAL_CONVERSION = YES;
				CLANG_WARN_OBJC_ROOT_CLASS = YES_ERROR;
				CLANG_WARN_QUOTED_INCLUDE_IN_FRAMEWORK_HEADER = YES;
				CLANG_WARN_RANGE_LOOP_ANALYSIS = YES;
				CLANG_WARN_STRICT_PROTOTYPES = YES;
				CLANG_WARN_SUSPICIOUS_MOVE = YES;
				CLANG_WARN_UNGUARDED_AVAILABILITY = YES_AGGRESSIVE;
				CLANG_WARN_UNREACHABLE_CODE = YES;
				CLANG_WARN__DUPLICATE_METHOD_MATCH = YES;
				COPY_PHASE_STRIP = NO;
				DEBUG_INFORMATION_FORMAT = "dwarf-with-dsym";
				ENABLE_NS_ASSERTIONS = NO;
				ENABLE_STRICT_OBJC_MSGSEND = YES;
				GCC_C_LANGUAGE_STANDARD = gnu11;
				GCC_NO_COMMON_BLOCKS = YES;
				GCC_WARN_64_TO_32_BIT_CONVERSION = YES;
				GCC_WARN_ABOUT_RETURN_TYPE = YES_ERROR;
				GCC_WARN_UNDECLARED_SELECTOR = YES;
				GCC_WARN_UNINITIALIZED_AUTOS = YES_AGGRESSIVE;
				GCC_WARN_UNUSED_FUNCTION = YES;
				GCC_WARN_UNUSED_VARIABLE = YES;
				IPHONEOS_DEPLOYMENT_TARGET = 16.4;
				MTL_ENABLE_DEBUG_INFO = NO;
				MTL_FAST_MATH = YES;
				SDKROOT = iphoneos;
				SWIFT_COMPILATION_MODE = wholemodule;
				SWIFT_OPTIMIZATION_LEVEL = "-O";
				VALIDATE_PRODUCT = YES;
			};
			name = Release;
		};
		162DDAA12A9FD25800B56B1D /* Debug */ = {
			isa = XCBuildConfiguration;
			buildSettings = {
				ASSETCATALOG_COMPILER_APPICON_NAME = AppIcon;
				ASSETCATALOG_COMPILER_GLOBAL_ACCENT_COLOR_NAME = AccentColor;
				CODE_SIGN_STYLE = Automatic;
				CURRENT_PROJECT_VERSION = 1;
				DEVELOPMENT_ASSET_PATHS = "\"Project1/Preview Content\"";
				ENABLE_PREVIEWS = YES;
				GENERATE_INFOPLIST_FILE = YES;
				INFOPLIST_KEY_UIApplicationSceneManifest_Generation = YES;
				INFOPLIST_KEY_UIApplicationSupportsIndirectInputEvents = YES;
				INFOPLIST_KEY_UILaunchScreen_Generation = YES;
				INFOPLIST_KEY_UISupportedInterfaceOrientations_iPad = "UIInterfaceOrientationPortrait UIInterfaceOrientationPortraitUpsideDown UIInterfaceOrientationLandscapeLeft UIInterfaceOrientationLandscapeRight";
				INFOPLIST_KEY_UISupportedInterfaceOrientations_iPhone = "UIInterfaceOrientationPortrait UIInterfaceOrientationLandscapeLeft UIInterfaceOrientationLandscapeRight";
				LD_RUNPATH_SEARCH_PATHS = (
					"$(inherited)",
					"@executable_path/Frameworks",
				);
				MARKETING_VERSION = 1.0;
				PRODUCT_BUNDLE_IDENTIFIER = daveyg.Project1;
				PRODUCT_NAME = "$(TARGET_NAME)";
				SWIFT_EMIT_LOC_STRINGS = YES;
				SWIFT_VERSION = 5.0;
				TARGETED_DEVICE_FAMILY = "1,2";
			};
			name = Debug;
		};
		162DDAA22A9FD25800B56B1D /* Release */ = {
			isa = XCBuildConfiguration;
			buildSettings = {
				ASSETCATALOG_COMPILER_APPICON_NAME = AppIcon;
				ASSETCATALOG_COMPILER_GLOBAL_ACCENT_COLOR_NAME = AccentColor;
				CODE_SIGN_STYLE = Automatic;
				CURRENT_PROJECT_VERSION = 1;
				DEVELOPMENT_ASSET_PATHS = "\"Project1/Preview Content\"";
				ENABLE_PREVIEWS = YES;
				GENERATE_INFOPLIST_FILE = YES;
				INFOPLIST_KEY_UIApplicationSceneManifest_Generation = YES;
				INFOPLIST_KEY_UIApplicationSupportsIndirectInputEvents = YES;
				INFOPLIST_KEY_UILaunchScreen_Generation = YES;
				INFOPLIST_KEY_UISupportedInterfaceOrientations_iPad = "UIInterfaceOrientationPortrait UIInterfaceOrientationPortraitUpsideDown UIInterfaceOrientationLandscapeLeft UIInterfaceOrientationLandscapeRight";
				INFOPLIST_KEY_UISupportedInterfaceOrientations_iPhone = "UIInterfaceOrientationPortrait UIInterfaceOrientationLandscapeLeft UIInterfaceOrientationLandscapeRight";
				LD_RUNPATH_SEARCH_PATHS = (
					"$(inherited)",
					"@executable_path/Frameworks",
				);
				MARKETING_VERSION = 1.0;
				PRODUCT_BUNDLE_IDENTIFIER = daveyg.Project1;
				PRODUCT_NAME = "$(TARGET_NAME)";
				SWIFT_EMIT_LOC_STRINGS = YES;
				SWIFT_VERSION = 5.0;
				TARGETED_DEVICE_FAMILY = "1,2";
			};
			name = Release;
		};
		162DDAA42A9FD25800B56B1D /* Debug */ = {
			isa = XCBuildConfiguration;
			buildSettings = {
				ALWAYS_EMBED_SWIFT_STANDARD_LIBRARIES = YES;
				BUNDLE_LOADER = "$(TEST_HOST)";
				CODE_SIGN_STYLE = Automatic;
				CURRENT_PROJECT_VERSION = 1;
				GENERATE_INFOPLIST_FILE = YES;
				IPHONEOS_DEPLOYMENT_TARGET = 16.4;
				MARKETING_VERSION = 1.0;
				PRODUCT_BUNDLE_IDENTIFIER = daveyg.Project1Tests;
				PRODUCT_NAME = "$(TARGET_NAME)";
				SWIFT_EMIT_LOC_STRINGS = NO;
				SWIFT_VERSION = 5.0;
				TARGETED_DEVICE_FAMILY = "1,2";
				TEST_HOST = "$(BUILT_PRODUCTS_DIR)/Project1.app/$(BUNDLE_EXECUTABLE_FOLDER_PATH)/Project1";
			};
			name = Debug;
		};
		162DDAA52A9FD25800B56B1D /* Release */ = {
			isa = XCBuildConfiguration;
			buildSettings = {
				ALWAYS_EMBED_SWIFT_STANDARD_LIBRARIES = YES;
				BUNDLE_LOADER = "$(TEST_HOST)";
				CODE_SIGN_STYLE = Automatic;
				CURRENT_PROJECT_VERSION = 1;
				GENERATE_INFOPLIST_FILE = YES;
				IPHONEOS_DEPLOYMENT_TARGET = 16.4;
				MARKETING_VERSION = 1.0;
				PRODUCT_BUNDLE_IDENTIFIER = daveyg.Project1Tests;
				PRODUCT_NAME = "$(TARGET_NAME)";
				SWIFT_EMIT_LOC_STRINGS = NO;
				SWIFT_VERSION = 5.0;
				TARGETED_DEVICE_FAMILY = "1,2";
				TEST_HOST = "$(BUILT_PRODUCTS_DIR)/Project1.app/$(BUNDLE_EXECUTABLE_FOLDER_PATH)/Project1";
			};
			name = Release;
		};
		162DDAA72A9FD25800B56B1D /* Debug */ = {
			isa = XCBuildConfiguration;
			buildSettings = {
				ALWAYS_EMBED_SWIFT_STANDARD_LIBRARIES = YES;
				CODE_SIGN_STYLE = Automatic;
				CURRENT_PROJECT_VERSION = 1;
				GENERATE_INFOPLIST_FILE = YES;
				MARKETING_VERSION = 1.0;
				PRODUCT_BUNDLE_IDENTIFIER = daveyg.Project1UITests;
				PRODUCT_NAME = "$(TARGET_NAME)";
				SWIFT_EMIT_LOC_STRINGS = NO;
				SWIFT_VERSION = 5.0;
				TARGETED_DEVICE_FAMILY = "1,2";
				TEST_TARGET_NAME = Project1;
			};
			name = Debug;
		};
		162DDAA82A9FD25800B56B1D /* Release */ = {
			isa = XCBuildConfiguration;
			buildSettings = {
				ALWAYS_EMBED_SWIFT_STANDARD_LIBRARIES = YES;
				CODE_SIGN_STYLE = Automatic;
				CURRENT_PROJECT_VERSION = 1;
				GENERATE_INFOPLIST_FILE = YES;
				MARKETING_VERSION = 1.0;
				PRODUCT_BUNDLE_IDENTIFIER = daveyg.Project1UITests;
				PRODUCT_NAME = "$(TARGET_NAME)";
				SWIFT_EMIT_LOC_STRINGS = NO;
				SWIFT_VERSION = 5.0;
				TARGETED_DEVICE_FAMILY = "1,2";
				TEST_TARGET_NAME = Project1;
			};
			name = Release;
		};
/* End XCBuildConfiguration section */

/* Begin XCConfigurationList section */
		162DDA772A9FD25600B56B1D /* Build configuration list for PBXProject "Project1" */ = {
			isa = XCConfigurationList;
			buildConfigurations = (
				162DDA9E2A9FD25800B56B1D /* Debug */,
				162DDA9F2A9FD25800B56B1D /* Release */,
			);
			defaultConfigurationIsVisible = 0;
			defaultConfigurationName = Release;
		};
		162DDAA02A9FD25800B56B1D /* Build configuration list for PBXNativeTarget "Project1" */ = {
			isa = XCConfigurationList;
			buildConfigurations = (
				162DDAA12A9FD25800B56B1D /* Debug */,
				162DDAA22A9FD25800B56B1D /* Release */,
			);
			defaultConfigurationIsVisible = 0;
			defaultConfigurationName = Release;
		};
		162DDAA32A9FD25800B56B1D /* Build configuration list for PBXNativeTarget "Project1Tests" */ = {
			isa = XCConfigurationList;
			buildConfigurations = (
				162DDAA42A9FD25800B56B1D /* Debug */,
				162DDAA52A9FD25800B56B1D /* Release */,
			);
			defaultConfigurationIsVisible = 0;
			defaultConfigurationName = Release;
		};
		162DDAA62A9FD25800B56B1D /* Build configuration list for PBXNativeTarget "Project1UITests" */ = {
			isa = XCConfigurationList;
			buildConfigurations = (
				162DDAA72A9FD25800B56B1D /* Debug */,
				162DDAA82A9FD25800B56B1D /* Release */,
			);
			defaultConfigurationIsVisible = 0;
			defaultConfigurationName = Release;
		};
/* End XCConfigurationList section */

/* Begin XCRemoteSwiftPackageReference section */
		162DDAAC2AA08FF100B56B1D /* XCRemoteSwiftPackageReference "ChatGPTSwift" */ = {
			isa = XCRemoteSwiftPackageReference;
			repositoryURL = "https://github.com/alfianlosari/ChatGPTSwift.git";
			requirement = {
				kind = upToNextMajorVersion;
				minimumVersion = 1.0.0;
			};
		};
/* End XCRemoteSwiftPackageReference section */

/* Begin XCSwiftPackageProductDependency section */
		162DDAAD2AA08FF100B56B1D /* ChatGPTSwift */ = {
			isa = XCSwiftPackageProductDependency;
			package = 162DDAAC2AA08FF100B56B1D /* XCRemoteSwiftPackageReference "ChatGPTSwift" */;
			productName = ChatGPTSwift;
		};
/* End XCSwiftPackageProductDependency section */
	};
	rootObject = 162DDA742A9FD25600B56B1D /* Project object */;
}
